
Microsoft Visual Studio Solution File, Format Version 12.00
# Visual Studio 15
VisualStudioVersion = 15.0.27703.2018
MinimumVisualStudioVersion = 10.0.40219.1
Project("{FAE04EC0-301F-11D3-BF4B-00C04F79EFBC}") = "MyConsoleApp", "MyConsoleApp\MyConsoleApp.csproj", "{0DCF55D9-9C9E-45C5-AC5C-AEF49A5550A2}"
	ProjectSection(ProjectDependencies) = postProject
		{3B609D86-FA64-45CB-8E99-2B83D519F6B6} = {3B609D86-FA64-45CB-8E99-2B83D519F6B6}
	EndProjectSection
EndProject
Project("{FAE04EC0-301F-11D3-BF4B-00C04F79EFBC}") = "SimpleTextSearchLibrary", "SimpleTextSearchLibrary\SimpleTextSearchLibrary.csproj", "{F046F8DC-AD12-4FCF-BB01-94F3D394494F}"
EndProject
Project("{FAE04EC0-301F-11D3-BF4B-00C04F79EFBC}") = "Common", "Common\Common.csproj", "{3B609D86-FA64-45CB-8E99-2B83D519F6B6}"
EndProject
Project("{FAE04EC0-301F-11D3-BF4B-00C04F79EFBC}") = "SpecialTextSearchLibrary", "SpecialTextSearchLibrary\SpecialTextSearchLibrary.csproj", "{A39E58B4-8A09-4C91-91FA-4B2C5AB827EF}"
EndProject
Global
	GlobalSection(SolutionConfigurationPlatforms) = preSolution
		Debug|Any CPU = Debug|Any CPU
		Release|Any CPU = Release|Any CPU
	EndGlobalSection
	GlobalSection(ProjectConfigurationPlatforms) = postSolution
		{0DCF55D9-9C9E-45C5-AC5C-AEF49A5550A2}.Debug|Any CPU.ActiveCfg = Debug|Any CPU
		{0DCF55D9-9C9E-45C5-AC5C-AEF49A5550A2}.Debug|Any CPU.Build.0 = Debug|Any CPU
		{0DCF55D9-9C9E-45C5-AC5C-AEF49A5550A2}.Release|Any CPU.ActiveCfg = Release|Any CPU
		{0DCF55D9-9C9E-45C5-AC5C-AEF49A5550A2}.Release|Any CPU.Build.0 = Release|Any CPU
		{F046F8DC-AD12-4FCF-BB01-94F3D394494F}.Debug|Any CPU.ActiveCfg = Debug|Any CPU
		{F046F8DC-AD12-4FCF-BB01-94F3D394494F}.Debug|Any CPU.Build.0 = Debug|Any CPU
		{F046F8DC-AD12-4FCF-BB01-94F3D394494F}.Release|Any CPU.ActiveCfg = Release|Any CPU
		{F046F8DC-AD12-4FCF-BB01-94F3D394494F}.Release|Any CPU.Build.0 = Release|Any CPU
		{3B609D86-FA64-45CB-8E99-2B83D519F6B6}.Debug|Any CPU.ActiveCfg = Debug|Any CPU
		{3B609D86-FA64-45CB-8E99-2B83D519F6B6}.Debug|Any CPU.Build.0 = Debug|Any CPU
		{3B609D86-FA64-45CB-8E99-2B83D519F6B6}.Release|Any CPU.ActiveCfg = Release|Any CPU
		{3B609D86-FA64-45CB-8E99-2B83D519F6B6}.Release|Any CPU.Build.0 = Release|Any CPU
		{A39E58B4-8A09-4C91-91FA-4B2C5AB827EF}.Debug|Any CPU.ActiveCfg = Debug|Any CPU
		{A39E58B4-8A09-4C91-91FA-4B2C5AB827EF}.Debug|Any CPU.Build.0 = Debug|Any CPU
		{A39E58B4-8A09-4C91-91FA-4B2C5AB827EF}.Release|Any CPU.ActiveCfg = Release|Any CPU
		{A39E58B4-8A09-4C91-91FA-4B2C5AB827EF}.Release|Any CPU.Build.0 = Release|Any CPU
	EndGlobalSection
	GlobalSection(SolutionProperties) = preSolution
		HideSolutionNode = FALSE
	EndGlobalSection
	GlobalSection(ExtensibilityGlobals) = postSolution
		SolutionGuid = {F4EDFF6E-4911-4F8D-859E-4063AB28EBCD}
	EndGlobalSection
EndGlobal
