
Microsoft Visual Studio Solution File, Format Version 12.00
# Visual Studio 15
VisualStudioVersion = 15.0.27703.2018
MinimumVisualStudioVersion = 10.0.40219.1
Project("{FAE04EC0-301F-11D3-BF4B-00C04F79EFBC}") = "MyConsoleApp", "MyConsoleApp\MyConsoleApp.csproj", "{0DCF55D9-9C9E-45C5-AC5C-AEF49A5550A2}"
	ProjectSection(ProjectDependencies) = postProject
		{AA168221-43B5-42D2-8AB8-451F6F825340} = {AA168221-43B5-42D2-8AB8-451F6F825340}
		{85AF1D45-6A9A-4E68-B7CE-8F206F60A9AA} = {85AF1D45-6A9A-4E68-B7CE-8F206F60A9AA}
		{3B609D86-FA64-45CB-8E99-2B83D519F6B6} = {3B609D86-FA64-45CB-8E99-2B83D519F6B6}
		{9D71BF9F-50DA-47AD-A564-813784296036} = {9D71BF9F-50DA-47AD-A564-813784296036}
		{9DD05BA8-A6B9-4F63-904F-D3333EEC4792} = {9DD05BA8-A6B9-4F63-904F-D3333EEC4792}
		{1372B6B1-4A54-427F-9820-13BA6352AA35} = {1372B6B1-4A54-427F-9820-13BA6352AA35}
	EndProjectSection
EndProject
Project("{FAE04EC0-301F-11D3-BF4B-00C04F79EFBC}") = "SimpleTextSearchLibrary", "SimpleTextSearchLibrary\SimpleTextSearchLibrary.csproj", "{F046F8DC-AD12-4FCF-BB01-94F3D394494F}"
EndProject
Project("{FAE04EC0-301F-11D3-BF4B-00C04F79EFBC}") = "Common", "Common\Common.csproj", "{3B609D86-FA64-45CB-8E99-2B83D519F6B6}"
EndProject
Project("{FAE04EC0-301F-11D3-BF4B-00C04F79EFBC}") = "SpecialTextSearchLibrary", "SpecialTextSearchLibrary\SpecialTextSearchLibrary.csproj", "{A39E58B4-8A09-4C91-91FA-4B2C5AB827EF}"
EndProject
Project("{2150E333-8FDC-42A3-9474-1A3956D46DE8}") = "View", "View", "{0333CBDB-7030-4B55-A733-EB1A238DD0C3}"
EndProject
Project("{FAE04EC0-301F-11D3-BF4B-00C04F79EFBC}") = "WindowsFormsApp", "WindowsFormsApp\WindowsFormsApp.csproj", "{9DD05BA8-A6B9-4F63-904F-D3333EEC4792}"
EndProject
Project("{2150E333-8FDC-42A3-9474-1A3956D46DE8}") = "WindowsFormsApp", "WindowsFormsApp", "{E9D1AD75-B8FC-46EF-8288-E01CD145745D}"
EndProject
Project("{2150E333-8FDC-42A3-9474-1A3956D46DE8}") = "Presenter", "Presenter", "{FEF10584-4D3F-4156-87E6-6B255786F3B2}"
EndProject
Project("{FAE04EC0-301F-11D3-BF4B-00C04F79EFBC}") = "Presenters", "Presenter\Presenters.csproj", "{85AF1D45-6A9A-4E68-B7CE-8F206F60A9AA}"
EndProject
Project("{2150E333-8FDC-42A3-9474-1A3956D46DE8}") = "Model", "Model", "{4ADCDE47-C48D-4D3F-8267-580DF3D5156A}"
EndProject
Project("{FAE04EC0-301F-11D3-BF4B-00C04F79EFBC}") = "Models", "Model\Models.csproj", "{9D71BF9F-50DA-47AD-A564-813784296036}"
EndProject
Project("{2150E333-8FDC-42A3-9474-1A3956D46DE8}") = "IWindowFormsApp", "IWindowFormsApp", "{7DF43C2E-025B-4491-B95E-35E9354BA497}"
EndProject
Project("{FAE04EC0-301F-11D3-BF4B-00C04F79EFBC}") = "IMainFormsApp", "IMainFormsApp\IMainFormsApp.csproj", "{1372B6B1-4A54-427F-9820-13BA6352AA35}"
EndProject
Project("{2150E333-8FDC-42A3-9474-1A3956D46DE8}") = "IModel", "IModel", "{4800C0CC-BE7A-4795-B58E-940715C51372}"
EndProject
Project("{FAE04EC0-301F-11D3-BF4B-00C04F79EFBC}") = "IModel", "IModel\IModel.csproj", "{AA168221-43B5-42D2-8AB8-451F6F825340}"
EndProject
Global
	GlobalSection(SolutionConfigurationPlatforms) = preSolution
		Debug|Any CPU = Debug|Any CPU
		Release|Any CPU = Release|Any CPU
	EndGlobalSection
	GlobalSection(ProjectConfigurationPlatforms) = postSolution
		{0DCF55D9-9C9E-45C5-AC5C-AEF49A5550A2}.Debug|Any CPU.ActiveCfg = Debug|Any CPU
		{0DCF55D9-9C9E-45C5-AC5C-AEF49A5550A2}.Debug|Any CPU.Build.0 = Debug|Any CPU
		{0DCF55D9-9C9E-45C5-AC5C-AEF49A5550A2}.Release|Any CPU.ActiveCfg = Release|Any CPU
		{0DCF55D9-9C9E-45C5-AC5C-AEF49A5550A2}.Release|Any CPU.Build.0 = Release|Any CPU
		{F046F8DC-AD12-4FCF-BB01-94F3D394494F}.Debug|Any CPU.ActiveCfg = Debug|Any CPU
		{F046F8DC-AD12-4FCF-BB01-94F3D394494F}.Debug|Any CPU.Build.0 = Debug|Any CPU
		{F046F8DC-AD12-4FCF-BB01-94F3D394494F}.Release|Any CPU.ActiveCfg = Release|Any CPU
		{F046F8DC-AD12-4FCF-BB01-94F3D394494F}.Release|Any CPU.Build.0 = Release|Any CPU
		{3B609D86-FA64-45CB-8E99-2B83D519F6B6}.Debug|Any CPU.ActiveCfg = Debug|Any CPU
		{3B609D86-FA64-45CB-8E99-2B83D519F6B6}.Debug|Any CPU.Build.0 = Debug|Any CPU
		{3B609D86-FA64-45CB-8E99-2B83D519F6B6}.Release|Any CPU.ActiveCfg = Release|Any CPU
		{3B609D86-FA64-45CB-8E99-2B83D519F6B6}.Release|Any CPU.Build.0 = Release|Any CPU
		{A39E58B4-8A09-4C91-91FA-4B2C5AB827EF}.Debug|Any CPU.ActiveCfg = Debug|Any CPU
		{A39E58B4-8A09-4C91-91FA-4B2C5AB827EF}.Debug|Any CPU.Build.0 = Debug|Any CPU
		{A39E58B4-8A09-4C91-91FA-4B2C5AB827EF}.Release|Any CPU.ActiveCfg = Release|Any CPU
		{A39E58B4-8A09-4C91-91FA-4B2C5AB827EF}.Release|Any CPU.Build.0 = Release|Any CPU
		{9DD05BA8-A6B9-4F63-904F-D3333EEC4792}.Debug|Any CPU.ActiveCfg = Debug|Any CPU
		{9DD05BA8-A6B9-4F63-904F-D3333EEC4792}.Debug|Any CPU.Build.0 = Debug|Any CPU
		{9DD05BA8-A6B9-4F63-904F-D3333EEC4792}.Release|Any CPU.ActiveCfg = Release|Any CPU
		{9DD05BA8-A6B9-4F63-904F-D3333EEC4792}.Release|Any CPU.Build.0 = Release|Any CPU
		{85AF1D45-6A9A-4E68-B7CE-8F206F60A9AA}.Debug|Any CPU.ActiveCfg = Debug|Any CPU
		{85AF1D45-6A9A-4E68-B7CE-8F206F60A9AA}.Debug|Any CPU.Build.0 = Debug|Any CPU
		{85AF1D45-6A9A-4E68-B7CE-8F206F60A9AA}.Release|Any CPU.ActiveCfg = Release|Any CPU
		{85AF1D45-6A9A-4E68-B7CE-8F206F60A9AA}.Release|Any CPU.Build.0 = Release|Any CPU
		{9D71BF9F-50DA-47AD-A564-813784296036}.Debug|Any CPU.ActiveCfg = Debug|Any CPU
		{9D71BF9F-50DA-47AD-A564-813784296036}.Debug|Any CPU.Build.0 = Debug|Any CPU
		{9D71BF9F-50DA-47AD-A564-813784296036}.Release|Any CPU.ActiveCfg = Release|Any CPU
		{9D71BF9F-50DA-47AD-A564-813784296036}.Release|Any CPU.Build.0 = Release|Any CPU
		{1372B6B1-4A54-427F-9820-13BA6352AA35}.Debug|Any CPU.ActiveCfg = Debug|Any CPU
		{1372B6B1-4A54-427F-9820-13BA6352AA35}.Debug|Any CPU.Build.0 = Debug|Any CPU
		{1372B6B1-4A54-427F-9820-13BA6352AA35}.Release|Any CPU.ActiveCfg = Release|Any CPU
		{1372B6B1-4A54-427F-9820-13BA6352AA35}.Release|Any CPU.Build.0 = Release|Any CPU
		{AA168221-43B5-42D2-8AB8-451F6F825340}.Debug|Any CPU.ActiveCfg = Debug|Any CPU
		{AA168221-43B5-42D2-8AB8-451F6F825340}.Debug|Any CPU.Build.0 = Debug|Any CPU
		{AA168221-43B5-42D2-8AB8-451F6F825340}.Release|Any CPU.ActiveCfg = Release|Any CPU
		{AA168221-43B5-42D2-8AB8-451F6F825340}.Release|Any CPU.Build.0 = Release|Any CPU
	EndGlobalSection
	GlobalSection(SolutionProperties) = preSolution
		HideSolutionNode = FALSE
	EndGlobalSection
	GlobalSection(NestedProjects) = preSolution
		{9DD05BA8-A6B9-4F63-904F-D3333EEC4792} = {E9D1AD75-B8FC-46EF-8288-E01CD145745D}
		{85AF1D45-6A9A-4E68-B7CE-8F206F60A9AA} = {FEF10584-4D3F-4156-87E6-6B255786F3B2}
		{9D71BF9F-50DA-47AD-A564-813784296036} = {4ADCDE47-C48D-4D3F-8267-580DF3D5156A}
		{1372B6B1-4A54-427F-9820-13BA6352AA35} = {7DF43C2E-025B-4491-B95E-35E9354BA497}
		{AA168221-43B5-42D2-8AB8-451F6F825340} = {4800C0CC-BE7A-4795-B58E-940715C51372}
	EndGlobalSection
	GlobalSection(ExtensibilityGlobals) = postSolution
		SolutionGuid = {F4EDFF6E-4911-4F8D-859E-4063AB28EBCD}
	EndGlobalSection
EndGlobal
